
Microsoft Visual Studio Solution File, Format Version 12.00
# Visual Studio Version 17
VisualStudioVersion = 17.4.33205.214
MinimumVisualStudioVersion = 10.0.40219.1
Project("{FAE04EC0-301F-11D3-BF4B-00C04F79EFBC}") = "Api_IOptions", "Api_IOptions\Api_IOptions.csproj", "{7EA3F8CA-3C21-4DE9-9159-DF9609A6EF51}"
EndProject
Global
	GlobalSection(SolutionConfigurationPlatforms) = preSolution
		Debug|Any CPU = Debug|Any CPU
		Release|Any CPU = Release|Any CPU
	EndGlobalSection
	GlobalSection(ProjectConfigurationPlatforms) = postSolution
		{7EA3F8CA-3C21-4DE9-9159-DF9609A6EF51}.Debug|Any CPU.ActiveCfg = Debug|Any CPU
		{7EA3F8CA-3C21-4DE9-9159-DF9609A6EF51}.Debug|Any CPU.Build.0 = Debug|Any CPU
		{7EA3F8CA-3C21-4DE9-9159-DF9609A6EF51}.Release|Any CPU.ActiveCfg = Release|Any CPU
		{7EA3F8CA-3C21-4DE9-9159-DF9609A6EF51}.Release|Any CPU.Build.0 = Release|Any CPU
	EndGlobalSection
	GlobalSection(SolutionProperties) = preSolution
		HideSolutionNode = FALSE
	EndGlobalSection
	GlobalSection(ExtensibilityGlobals) = postSolution
		SolutionGuid = {D902F508-0731-427B-BE4E-287E836C6D05}
	EndGlobalSection
EndGlobal
